
Microsoft Visual Studio Solution File, Format Version 12.00
# Visual Studio Version 16
VisualStudioVersion = 16.0.32228.343
MinimumVisualStudioVersion = 10.0.40219.1
Project("{FAE04EC0-301F-11D3-BF4B-00C04F79EFBC}") = "Firma", "Firma\Firma.csproj", "{A36A1A71-4AA3-4393-B738-76C12BA1465C}"
EndProject
Global
	GlobalSection(SolutionConfigurationPlatforms) = preSolution
		Debug|Any CPU = Debug|Any CPU
		Release|Any CPU = Release|Any CPU
	EndGlobalSection
	GlobalSection(ProjectConfigurationPlatforms) = postSolution
		{A36A1A71-4AA3-4393-B738-76C12BA1465C}.Debug|Any CPU.ActiveCfg = Debug|Any CPU
		{A36A1A71-4AA3-4393-B738-76C12BA1465C}.Debug|Any CPU.Build.0 = Debug|Any CPU
		{A36A1A71-4AA3-4393-B738-76C12BA1465C}.Release|Any CPU.ActiveCfg = Release|Any CPU
		{A36A1A71-4AA3-4393-B738-76C12BA1465C}.Release|Any CPU.Build.0 = Release|Any CPU
	EndGlobalSection
	GlobalSection(SolutionProperties) = preSolution
		HideSolutionNode = FALSE
	EndGlobalSection
	GlobalSection(ExtensibilityGlobals) = postSolution
		SolutionGuid = {D18217EE-413D-43A1-8EE6-CAA1D11CCFF4}
	EndGlobalSection
EndGlobal
